<?xml version="1.0" encoding="utf-8"?>
<Project ToolsVersion="4.0" xmlns="http://schemas.microsoft.com/developer/msbuild/2003">
  <ItemGroup>
    <Filter Include="Source Files">
      <UniqueIdentifier>{4FC737F1-C7A5-4376-A066-2A32D752A2FF}</UniqueIdentifier>
      <Extensions>cpp;c;cc;cxx;def;odl;idl;hpj;bat;asm;asmx</Extensions>
    </Filter>
    <Filter Include="Header Files">
      <UniqueIdentifier>{93995380-89BD-4b04-88EB-625FBE52EBFB}</UniqueIdentifier>
      <Extensions>h;hh;hpp;hxx;hm;inl;inc;ipp;xsd</Extensions>
    </Filter>
    <Filter Include="Resource Files">
      <UniqueIdentifier>{67DA6AB6-F800-4c08-8B7A-83BB121AAD01}</UniqueIdentifier>
      <Extensions>rc;ico;cur;bmp;dlg;rc2;rct;bin;rgs;gif;jpg;jpeg;jpe;resx;tiff;tif;png;wav;mfcribbon-ms</Extensions>
    </Filter>
    <Filter Include="Header Files\delta-includes">
      <UniqueIdentifier>{da0515bf-2ba6-41b7-862b-d048a192b7f4}</UniqueIdentifier>
    </Filter>
    <Filter Include="Header Files\themes">
      <UniqueIdentifier>{22a48291-037f-467f-8cd1-a15167bb6be5}</UniqueIdentifier>
    </Filter>
    <Filter Include="Source Files\themes">
      <UniqueIdentifier>{5e15345f-6e65-405a-8483-18cd74841bef}</UniqueIdentifier>
    </Filter>
    <Filter Include="Header Files\themes\theme-script">
      <UniqueIdentifier>{d0850eee-a3c4-4251-ae99-3c1201401cd5}</UniqueIdentifier>
    </Filter>
    <Filter Include="Source Files\themes\theme-script">
      <UniqueIdentifier>{f52ae52a-689e-440c-8146-2bbcb2a90cf1}</UniqueIdentifier>
    </Filter>
    <Filter Include="Header Files\themes\theme-script\color">
      <UniqueIdentifier>{5663ac58-a89d-40d8-a9c2-2100cb64f254}</UniqueIdentifier>
    </Filter>
    <Filter Include="Source Files\themes\theme-script\color">
      <UniqueIdentifier>{84bc6482-4884-47e8-97f5-bd03d4914721}</UniqueIdentifier>
    </Filter>
    <Filter Include="Header Files\themes\theme-script\objects">
      <UniqueIdentifier>{493159b1-cd6c-4dbf-ac07-17acda1100c4}</UniqueIdentifier>
    </Filter>
    <Filter Include="Source Files\themes\theme-script\objects">
      <UniqueIdentifier>{74f7f531-6aa6-415a-9c79-d07368d96ff9}</UniqueIdentifier>
    </Filter>
    <Filter Include="Header Files\themes\theme-script\settings">
      <UniqueIdentifier>{93647c2d-25ef-470a-b32d-6c0a8448d15c}</UniqueIdentifier>
    </Filter>
    <Filter Include="Source Files\themes\theme-script\settings">
      <UniqueIdentifier>{0357b798-c8fb-4d32-b53e-f9b80c992122}</UniqueIdentifier>
    </Filter>
  </ItemGroup>
  <ItemGroup>
    <ClCompile Include="..\..\src\main.cpp">
      <Filter>Source Files</Filter>
    </ClCompile>
    <ClCompile Include="..\..\src\application.cpp">
      <Filter>Source Files</Filter>
    </ClCompile>
    <ClCompile Include="..\..\src\midi_display.cpp">
      <Filter>Source Files</Filter>
    </ClCompile>
    <ClCompile Include="..\..\src\bar_display.cpp">
      <Filter>Source Files</Filter>
    </ClCompile>
    <ClCompile Include="..\..\src\timeline.cpp">
      <Filter>Source Files</Filter>
    </ClCompile>
    <ClCompile Include="..\..\src\analyzer.cpp">
      <Filter>Source Files</Filter>
    </ClCompile>
    <ClCompile Include="..\..\src\profile.cpp">
      <Filter>Source Files\themes</Filter>
    </ClCompile>
    <ClCompile Include="..\..\src\theme_script_language_rules.cpp">
      <Filter>Source Files\themes\theme-script</Filter>
    </ClCompile>
    <ClCompile Include="..\..\src\color_node_output.cpp">
      <Filter>Source Files\themes\theme-script\color</Filter>
    </ClCompile>
    <ClCompile Include="..\..\src\color_split_node.cpp">
      <Filter>Source Files\themes\theme-script\color</Filter>
    </ClCompile>
    <ClCompile Include="..\..\src\color_split_node_output.cpp">
      <Filter>Source Files\themes\theme-script\color</Filter>
    </ClCompile>
    <ClCompile Include="..\..\src\color_constructor_node_output.cpp">
      <Filter>Source Files\themes\theme-script\color</Filter>
    </ClCompile>
    <ClCompile Include="..\..\src\color_constructor_node.cpp">
      <Filter>Source Files\themes\theme-script\color</Filter>
    </ClCompile>
    <ClCompile Include="..\..\src\create_profile_node.cpp">
      <Filter>Source Files\themes\theme-script\settings</Filter>
    </ClCompile>
    <ClCompile Include="..\..\src\object_channel_types.cpp">
      <Filter>Source Files\themes\theme-script\objects</Filter>
    </ClCompile>
    <ClCompile Include="..\..\src\timeline_element.cpp">
      <Filter>Source Files</Filter>
    </ClCompile>
    <ClCompile Include="..\..\src\settings_manager.cpp">
      <Filter>Source Files</Filter>
    </ClCompile>
    <ClCompile Include="..\..\src\theme_script_compiler.cpp">
      <Filter>Source Files\themes\theme-script</Filter>
    </ClCompile>
    <ClCompile Include="..\..\src\int_to_color_node.cpp">
      <Filter>Source Files\themes\theme-script\color</Filter>
    </ClCompile>
  </ItemGroup>
  <ItemGroup>
    <ClInclude Include="..\..\include\delta.h">
      <Filter>Header Files\delta-includes</Filter>
    </ClInclude>
    <ClInclude Include="..\..\include\application.h">
      <Filter>Header Files</Filter>
    </ClInclude>
    <ClInclude Include="..\..\include\midi_display.h">
      <Filter>Header Files</Filter>
    </ClInclude>
    <ClInclude Include="..\..\include\bar_display.h">
      <Filter>Header Files</Filter>
    </ClInclude>
    <ClInclude Include="..\..\include\timeline.h">
      <Filter>Header Files</Filter>
    </ClInclude>
    <ClInclude Include="..\..\include\timeline_element.h">
      <Filter>Header Files</Filter>
    </ClInclude>
    <ClInclude Include="..\..\include\analyzer.h">
      <Filter>Header Files</Filter>
    </ClInclude>
    <ClInclude Include="..\..\include\profile.h">
      <Filter>Header Files\themes</Filter>
    </ClInclude>
    <ClInclude Include="..\..\include\setting.h">
      <Filter>Header Files\themes</Filter>
    </ClInclude>
    <ClInclude Include="..\..\include\theme_script_language_rules.h">
      <Filter>Header Files\themes\theme-script</Filter>
    </ClInclude>
    <ClInclude Include="..\..\include\color_node_output.h">
      <Filter>Header Files\themes\theme-script\color</Filter>
    </ClInclude>
    <ClInclude Include="..\..\include\color_split_node.h">
      <Filter>Header Files\themes\theme-script\color</Filter>
    </ClInclude>
    <ClInclude Include="..\..\include\color_split_node_output.h">
      <Filter>Header Files\themes\theme-script\color</Filter>
    </ClInclude>
    <ClInclude Include="..\..\include\color_constructor_node_output.h">
      <Filter>Header Files\themes\theme-script\color</Filter>
    </ClInclude>
    <ClInclude Include="..\..\include\color_constructor_node.h">
      <Filter>Header Files\themes\theme-script\color</Filter>
    </ClInclude>
    <ClInclude Include="..\..\include\object_channel_types.h">
      <Filter>Header Files\themes\theme-script\objects</Filter>
    </ClInclude>
    <ClInclude Include="..\..\include\object_reference_node.h">
      <Filter>Header Files\themes\theme-script\objects</Filter>
    </ClInclude>
    <ClInclude Include="..\..\include\object_reference_node_output.h">
      <Filter>Header Files\themes\theme-script\objects</Filter>
    </ClInclude>
    <ClInclude Include="..\..\include\create_profile_node.h">
      <Filter>Header Files\themes\theme-script\settings</Filter>
    </ClInclude>
    <ClInclude Include="..\..\include\create_setting_node.h">
      <Filter>Header Files\themes\theme-script\settings</Filter>
    </ClInclude>
    <ClInclude Include="..\..\include\settings_manager.h">
      <Filter>Header Files</Filter>
    </ClInclude>
    <ClInclude Include="..\..\include\theme_script_compiler.h">
      <Filter>Header Files\themes\theme-script</Filter>
    </ClInclude>
    <ClInclude Include="..\..\include\int_to_color_node.h">
      <Filter>Header Files\themes\theme-script\color</Filter>
    </ClInclude>
  </ItemGroup>
</Project>