<?xml version="1.0" encoding="utf-8"?>
<Project ToolsVersion="4.0" xmlns="http://schemas.microsoft.com/developer/msbuild/2003">
  <ItemGroup>
    <Filter Include="Source Files">
      <UniqueIdentifier>{4FC737F1-C7A5-4376-A066-2A32D752A2FF}</UniqueIdentifier>
      <Extensions>cpp;c;cc;cxx;def;odl;idl;hpj;bat;asm;asmx</Extensions>
    </Filter>
    <Filter Include="Header Files">
      <UniqueIdentifier>{93995380-89BD-4b04-88EB-625FBE52EBFB}</UniqueIdentifier>
      <Extensions>h;hh;hpp;hxx;hm;inl;inc;ipp;xsd</Extensions>
    </Filter>
    <Filter Include="Resource Files">
      <UniqueIdentifier>{67DA6AB6-F800-4c08-8B7A-83BB121AAD01}</UniqueIdentifier>
      <Extensions>rc;ico;cur;bmp;dlg;rc2;rct;bin;rgs;gif;jpg;jpeg;jpe;resx;tiff;tif;png;wav;mfcribbon-ms</Extensions>
    </Filter>
    <Filter Include="Header Files\sqlite">
      <UniqueIdentifier>{96351e2d-de94-4f00-afba-a318f87a5812}</UniqueIdentifier>
    </Filter>
    <Filter Include="Source Files\sqlite">
      <UniqueIdentifier>{b43722fa-2a53-4360-aa76-b6df14323397}</UniqueIdentifier>
    </Filter>
    <Filter Include="Header Files\pmm">
      <UniqueIdentifier>{39e77756-fd82-4ba3-81fe-d0f4af09afdd}</UniqueIdentifier>
    </Filter>
    <Filter Include="Source Files\pmm">
      <UniqueIdentifier>{3db0fcc4-317b-4582-85c1-c348e4a17090}</UniqueIdentifier>
    </Filter>
    <Filter Include="Header Files\pmm\patterns">
      <UniqueIdentifier>{ba40858c-7ff3-41de-8611-036e45df9e10}</UniqueIdentifier>
    </Filter>
    <Filter Include="Source Files\pmm\patterns">
      <UniqueIdentifier>{87ca7da0-374f-43c3-8873-94778b730853}</UniqueIdentifier>
    </Filter>
    <Filter Include="Header Files\utilities">
      <UniqueIdentifier>{82f8d59d-0588-43c6-b4db-f4e6af28e245}</UniqueIdentifier>
    </Filter>
    <Filter Include="Source Files\utilities">
      <UniqueIdentifier>{3a9f0a69-9002-4799-8cfb-7da5b5a0a775}</UniqueIdentifier>
    </Filter>
    <Filter Include="Source Files\library">
      <UniqueIdentifier>{e84a4fcc-e05a-4fd6-bae9-a7ede1ffa51d}</UniqueIdentifier>
    </Filter>
    <Filter Include="Header Files\library">
      <UniqueIdentifier>{458ae4ae-39ea-4022-bca7-bfe3b5e186fa}</UniqueIdentifier>
    </Filter>
    <Filter Include="Source Files\legacy">
      <UniqueIdentifier>{eb79fb79-8d8c-44ec-ad77-751e811f00df}</UniqueIdentifier>
    </Filter>
    <Filter Include="Header Files\legacy">
      <UniqueIdentifier>{cc4c8dc9-f191-4cef-8ef6-9010448f7b12}</UniqueIdentifier>
    </Filter>
  </ItemGroup>
  <ItemGroup>
    <ClCompile Include="..\..\src\error_reporting.cpp">
      <Filter>Source Files</Filter>
    </ClCompile>
    <ClCompile Include="..\..\src\fsm.cpp">
      <Filter>Source Files</Filter>
    </ClCompile>
    <ClCompile Include="..\..\src\set_tempo_fsm.cpp">
      <Filter>Source Files</Filter>
    </ClCompile>
    <ClCompile Include="..\..\src\set_time_fsm.cpp">
      <Filter>Source Files</Filter>
    </ClCompile>
    <ClCompile Include="..\..\src\sound.cpp">
      <Filter>Source Files</Filter>
    </ClCompile>
    <ClCompile Include="..\..\src\sound_system.cpp">
      <Filter>Source Files</Filter>
    </ClCompile>
    <ClCompile Include="..\..\dependencies\libraries\sqlite\src\shell.c">
      <Filter>Source Files\sqlite</Filter>
    </ClCompile>
    <ClCompile Include="..\..\dependencies\libraries\sqlite\src\sqlite3.c">
      <Filter>Source Files\sqlite</Filter>
    </ClCompile>
    <ClCompile Include="..\..\src\nls_optimizer.cpp">
      <Filter>Source Files\pmm</Filter>
    </ClCompile>
    <ClCompile Include="..\..\src\test_pattern_generator.cpp">
      <Filter>Source Files\pmm\patterns</Filter>
    </ClCompile>
    <ClCompile Include="..\..\src\note_mapper.cpp">
      <Filter>Source Files\pmm</Filter>
    </ClCompile>
    <ClCompile Include="..\..\src\munkres_solver.cpp">
      <Filter>Source Files\pmm</Filter>
    </ClCompile>
    <ClCompile Include="..\..\src\test_pattern_evaluator.cpp">
      <Filter>Source Files\pmm\patterns</Filter>
    </ClCompile>
    <ClCompile Include="..\..\src\comparator.cpp">
      <Filter>Source Files\pmm</Filter>
    </ClCompile>
    <ClCompile Include="..\..\src\segment_generator.cpp">
      <Filter>Source Files\utilities</Filter>
    </ClCompile>
    <ClCompile Include="..\..\src\segment_utilities.cpp">
      <Filter>Source Files\utilities</Filter>
    </ClCompile>
    <ClCompile Include="..\..\src\library.cpp">
      <Filter>Source Files\library</Filter>
    </ClCompile>
    <ClCompile Include="..\..\src\search_thread.cpp">
      <Filter>Source Files\library</Filter>
    </ClCompile>
    <ClCompile Include="..\..\src\midi_file.cpp">
      <Filter>Source Files</Filter>
    </ClCompile>
    <ClCompile Include="..\..\src\bar.cpp">
      <Filter>Source Files\pmm</Filter>
    </ClCompile>
    <ClCompile Include="..\..\src\full_solver.cpp">
      <Filter>Source Files\pmm</Filter>
    </ClCompile>
  </ItemGroup>
  <ItemGroup>
    <ClInclude Include="..\..\include\error_reporting.h">
      <Filter>Header Files</Filter>
    </ClInclude>
    <ClInclude Include="..\..\include\exercise.h">
      <Filter>Header Files</Filter>
    </ClInclude>
    <ClInclude Include="..\..\include\fsm.h">
      <Filter>Header Files</Filter>
    </ClInclude>
    <ClInclude Include="..\..\include\set_tempo_fsm.h">
      <Filter>Header Files</Filter>
    </ClInclude>
    <ClInclude Include="..\..\include\set_time_fsm.h">
      <Filter>Header Files</Filter>
    </ClInclude>
    <ClInclude Include="..\..\include\sound.h">
      <Filter>Header Files</Filter>
    </ClInclude>
    <ClInclude Include="..\..\include\sound_system.h">
      <Filter>Header Files</Filter>
    </ClInclude>
    <ClInclude Include="..\..\dependencies\libraries\sqlite\include\sqlite3.h">
      <Filter>Header Files\sqlite</Filter>
    </ClInclude>
    <ClInclude Include="..\..\dependencies\libraries\sqlite\include\sqlite3ext.h">
      <Filter>Header Files\sqlite</Filter>
    </ClInclude>
    <ClInclude Include="..\..\include\music_point.h">
      <Filter>Header Files\pmm</Filter>
    </ClInclude>
    <ClInclude Include="..\..\include\nls_optimizer.h">
      <Filter>Header Files\pmm</Filter>
    </ClInclude>
    <ClInclude Include="..\..\include\transform.h">
      <Filter>Header Files\pmm</Filter>
    </ClInclude>
    <ClInclude Include="..\..\include\music_segment.h">
      <Filter>Header Files\pmm</Filter>
    </ClInclude>
    <ClInclude Include="..\..\include\music_point_container.h">
      <Filter>Header Files\pmm</Filter>
    </ClInclude>
    <ClInclude Include="..\..\include\test_pattern_generator.h">
      <Filter>Header Files\pmm\patterns</Filter>
    </ClInclude>
    <ClInclude Include="..\..\include\test_pattern_evaluator.h">
      <Filter>Header Files\pmm\patterns</Filter>
    </ClInclude>
    <ClInclude Include="..\..\include\note_mapper.h">
      <Filter>Header Files\pmm</Filter>
    </ClInclude>
    <ClInclude Include="..\..\include\math.h">
      <Filter>Header Files\pmm</Filter>
    </ClInclude>
    <ClInclude Include="..\..\include\munkres_solver.h">
      <Filter>Header Files\pmm</Filter>
    </ClInclude>
    <ClInclude Include="..\..\include\memory.h">
      <Filter>Header Files\pmm</Filter>
    </ClInclude>
    <ClInclude Include="..\..\include\comparator.h">
      <Filter>Header Files\pmm</Filter>
    </ClInclude>
    <ClInclude Include="..\..\include\segment_generator.h">
      <Filter>Header Files\utilities</Filter>
    </ClInclude>
    <ClInclude Include="..\..\include\segment_utilities.h">
      <Filter>Header Files\utilities</Filter>
    </ClInclude>
    <ClInclude Include="..\..\include\library.h">
      <Filter>Header Files\library</Filter>
    </ClInclude>
    <ClInclude Include="..\..\include\search_thread.h">
      <Filter>Header Files\library</Filter>
    </ClInclude>
    <ClInclude Include="..\..\include\midi_file.h">
      <Filter>Header Files</Filter>
    </ClInclude>
    <ClInclude Include="..\..\include\bar.h">
      <Filter>Header Files\pmm</Filter>
    </ClInclude>
    <ClInclude Include="..\..\include\decision_tree.h">
      <Filter>Header Files\pmm</Filter>
    </ClInclude>
    <ClInclude Include="..\..\include\full_solver.h">
      <Filter>Header Files\pmm</Filter>
    </ClInclude>
  </ItemGroup>
</Project>