<?xml version="1.0" encoding="utf-8"?>
<Project ToolsVersion="4.0" xmlns="http://schemas.microsoft.com/developer/msbuild/2003">
  <ItemGroup>
    <Filter Include="Source Files">
      <UniqueIdentifier>{4FC737F1-C7A5-4376-A066-2A32D752A2FF}</UniqueIdentifier>
      <Extensions>cpp;c;cc;cxx;def;odl;idl;hpj;bat;asm;asmx</Extensions>
    </Filter>
    <Filter Include="Header Files">
      <UniqueIdentifier>{93995380-89BD-4b04-88EB-625FBE52EBFB}</UniqueIdentifier>
      <Extensions>h;hh;hpp;hxx;hm;inl;inc;xsd</Extensions>
    </Filter>
    <Filter Include="Resource Files">
      <UniqueIdentifier>{67DA6AB6-F800-4c08-8B7A-83BB121AAD01}</UniqueIdentifier>
      <Extensions>rc;ico;cur;bmp;dlg;rc2;rct;bin;rgs;gif;jpg;jpeg;jpe;resx;tiff;tif;png;wav;mfcribbon-ms</Extensions>
    </Filter>
    <Filter Include="Toccata Source">
      <UniqueIdentifier>{62c25ec9-424c-437e-86bc-bc9b4434e39b}</UniqueIdentifier>
    </Filter>
  </ItemGroup>
  <ItemGroup>
    <ClCompile Include="unit_testing_check.cpp">
      <Filter>Source Files</Filter>
    </ClCompile>
    <ClCompile Include="..\..\..\src\toccata_core.cpp">
      <Filter>Toccata Source</Filter>
    </ClCompile>
    <ClCompile Include="..\..\..\src\toccata_database.cpp">
      <Filter>Toccata Source</Filter>
    </ClCompile>
    <ClCompile Include="..\..\..\src\toccata_error_reporting.cpp">
      <Filter>Toccata Source</Filter>
    </ClCompile>
    <ClCompile Include="..\..\..\src\toccata_exercise.cpp">
      <Filter>Toccata Source</Filter>
    </ClCompile>
    <ClCompile Include="..\..\..\src\toccata_fsm.cpp">
      <Filter>Toccata Source</Filter>
    </ClCompile>
    <ClCompile Include="..\..\..\src\toccata_midi.cpp">
      <Filter>Toccata Source</Filter>
    </ClCompile>
    <ClCompile Include="..\..\..\src\toccata_midi_callback.cpp">
      <Filter>Toccata Source</Filter>
    </ClCompile>
    <ClCompile Include="..\..\..\src\toccata_midi_output.cpp">
      <Filter>Toccata Source</Filter>
    </ClCompile>
    <ClCompile Include="..\..\..\src\toccata_pattern_detection_system.cpp">
      <Filter>Toccata Source</Filter>
    </ClCompile>
    <ClCompile Include="..\..\..\src\toccata_pattern_detector.cpp">
      <Filter>Toccata Source</Filter>
    </ClCompile>
    <ClCompile Include="..\..\..\src\toccata_performance_report.cpp">
      <Filter>Toccata Source</Filter>
    </ClCompile>
    <ClCompile Include="..\..\..\src\toccata_recorder.cpp">
      <Filter>Toccata Source</Filter>
    </ClCompile>
    <ClCompile Include="..\..\..\src\toccata_session.cpp">
      <Filter>Toccata Source</Filter>
    </ClCompile>
    <ClCompile Include="..\..\..\src\toccata_set_tempo_fsm.cpp">
      <Filter>Toccata Source</Filter>
    </ClCompile>
    <ClCompile Include="..\..\..\src\toccata_set_time_fsm.cpp">
      <Filter>Toccata Source</Filter>
    </ClCompile>
    <ClCompile Include="..\..\..\src\toccata_sound.cpp">
      <Filter>Toccata Source</Filter>
    </ClCompile>
    <ClCompile Include="..\..\..\src\toccata_sound_system.cpp">
      <Filter>Toccata Source</Filter>
    </ClCompile>
    <ClCompile Include="toccata_recorder_unit_testing.cpp">
      <Filter>Source Files</Filter>
    </ClCompile>
    <ClCompile Include="toccata_set_time_fsm_unit_testing.cpp">
      <Filter>Source Files</Filter>
    </ClCompile>
  </ItemGroup>
</Project>